
Microsoft Visual Studio Solution File, Format Version 12.00
# Visual Studio Version 16
VisualStudioVersion = 16.0.30413.136
MinimumVisualStudioVersion = 15.0.26124.0
Project("{9A19103F-16F7-4668-BE54-9A1E7A4F7556}") = "Xde.Specs", "Xde.Specs\Xde.Specs.csproj", "{CAD6B113-C86E-46A6-8891-B6FDD7A4876F}"
EndProject
Global
	GlobalSection(SolutionConfigurationPlatforms) = preSolution
		Debug|Any CPU = Debug|Any CPU
		Debug|x64 = Debug|x64
		Debug|x86 = Debug|x86
		Release|Any CPU = Release|Any CPU
		Release|x64 = Release|x64
		Release|x86 = Release|x86
	EndGlobalSection
	GlobalSection(ProjectConfigurationPlatforms) = postSolution
		{CAD6B113-C86E-46A6-8891-B6FDD7A4876F}.Debug|Any CPU.ActiveCfg = Debug|Any CPU
		{CAD6B113-C86E-46A6-8891-B6FDD7A4876F}.Debug|Any CPU.Build.0 = Debug|Any CPU
		{CAD6B113-C86E-46A6-8891-B6FDD7A4876F}.Debug|x64.ActiveCfg = Debug|Any CPU
		{CAD6B113-C86E-46A6-8891-B6FDD7A4876F}.Debug|x64.Build.0 = Debug|Any CPU
		{CAD6B113-C86E-46A6-8891-B6FDD7A4876F}.Debug|x86.ActiveCfg = Debug|Any CPU
		{CAD6B113-C86E-46A6-8891-B6FDD7A4876F}.Debug|x86.Build.0 = Debug|Any CPU
		{CAD6B113-C86E-46A6-8891-B6FDD7A4876F}.Release|Any CPU.ActiveCfg = Release|Any CPU
		{CAD6B113-C86E-46A6-8891-B6FDD7A4876F}.Release|Any CPU.Build.0 = Release|Any CPU
		{CAD6B113-C86E-46A6-8891-B6FDD7A4876F}.Release|x64.ActiveCfg = Release|Any CPU
		{CAD6B113-C86E-46A6-8891-B6FDD7A4876F}.Release|x64.Build.0 = Release|Any CPU
		{CAD6B113-C86E-46A6-8891-B6FDD7A4876F}.Release|x86.ActiveCfg = Release|Any CPU
		{CAD6B113-C86E-46A6-8891-B6FDD7A4876F}.Release|x86.Build.0 = Release|Any CPU
	EndGlobalSection
	GlobalSection(SolutionProperties) = preSolution
		HideSolutionNode = FALSE
	EndGlobalSection
	GlobalSection(ExtensibilityGlobals) = postSolution
		SolutionGuid = {CB117CCC-E30E-47B9-BAE9-B0F3A6AD6B1C}
	EndGlobalSection
EndGlobal
